
Microsoft Visual Studio Solution File, Format Version 12.00
# Visual Studio 15
VisualStudioVersion = 15.0.28307.1000
MinimumVisualStudioVersion = 10.0.40219.1
Project("{FAE04EC0-301F-11D3-BF4B-00C04F79EFBC}") = "Client", "Client\Client.csproj", "{B34F61D5-72A8-447D-985D-007DAB740593}"
EndProject
Project("{FAE04EC0-301F-11D3-BF4B-00C04F79EFBC}") = "Server", "Server\Server.csproj", "{6A1C15A4-BC9A-4787-B049-3CB2F32DD2B2}"
EndProject
Global
	GlobalSection(SolutionConfigurationPlatforms) = preSolution
		Debug|Any CPU = Debug|Any CPU
		Release|Any CPU = Release|Any CPU
	EndGlobalSection
	GlobalSection(ProjectConfigurationPlatforms) = postSolution
		{B34F61D5-72A8-447D-985D-007DAB740593}.Debug|Any CPU.ActiveCfg = Debug|Any CPU
		{B34F61D5-72A8-447D-985D-007DAB740593}.Debug|Any CPU.Build.0 = Debug|Any CPU
		{B34F61D5-72A8-447D-985D-007DAB740593}.Release|Any CPU.ActiveCfg = Release|Any CPU
		{B34F61D5-72A8-447D-985D-007DAB740593}.Release|Any CPU.Build.0 = Release|Any CPU
		{6A1C15A4-BC9A-4787-B049-3CB2F32DD2B2}.Debug|Any CPU.ActiveCfg = Debug|Any CPU
		{6A1C15A4-BC9A-4787-B049-3CB2F32DD2B2}.Debug|Any CPU.Build.0 = Debug|Any CPU
		{6A1C15A4-BC9A-4787-B049-3CB2F32DD2B2}.Release|Any CPU.ActiveCfg = Release|Any CPU
		{6A1C15A4-BC9A-4787-B049-3CB2F32DD2B2}.Release|Any CPU.Build.0 = Release|Any CPU
	EndGlobalSection
	GlobalSection(SolutionProperties) = preSolution
		HideSolutionNode = FALSE
	EndGlobalSection
	GlobalSection(ExtensibilityGlobals) = postSolution
		SolutionGuid = {7EDAF115-5252-404E-BC66-D4C0FB9E3398}
	EndGlobalSection
EndGlobal
